// !$*UTF8*$!
{
	archiveVersion = 1;
	classes = {
	};
	objectVersion = 46;
	objects = {

/* Begin PBXBuildFile section */
		3F8761701BE8194A00471472 /* gmtmex.c in Sources */ = {isa = PBXBuildFile; fileRef = 3F87616C1BE817EF00471472 /* gmtmex.c */; };
		3F8761711BE8194A00471472 /* gmtmex_parser.c in Sources */ = {isa = PBXBuildFile; fileRef = 3F2ADA5A17827E2500E2675F /* gmtmex_parser.c */; };
/* End PBXBuildFile section */

/* Begin PBXFileReference section */
		3F2ADA5017827DCB00E2675F /* mex.xcconfig */ = {isa = PBXFileReference; lastKnownFileType = text.xcconfig; path = mex.xcconfig; sourceTree = "<group>"; };
		3F2ADA5A17827E2500E2675F /* gmtmex_parser.c */ = {isa = PBXFileReference; fileEncoding = 4; lastKnownFileType = sourcecode.c.c; name = gmtmex_parser.c; path = ../../gmtmex_parser.c; sourceTree = "<group>"; };
		3F2ADA5C17827E2500E2675F /* gmtmex.h */ = {isa = PBXFileReference; fileEncoding = 4; lastKnownFileType = sourcecode.c.h; name = gmtmex.h; path = ../../gmtmex.h; sourceTree = "<group>"; };
		3F87616C1BE817EF00471472 /* gmtmex.c */ = {isa = PBXFileReference; fileEncoding = 4; lastKnownFileType = sourcecode.c.c; name = gmtmex.c; path = ../../gmtmex.c; sourceTree = "<group>"; };
		3F8761751BE8194A00471472 /* gmtmex.mexmaci64 */ = {isa = PBXFileReference; explicitFileType = "compiled.mach-o.dylib"; includeInIndex = 0; path = gmtmex.mexmaci64; sourceTree = BUILT_PRODUCTS_DIR; };
/* End PBXFileReference section */

/* Begin PBXGroup section */
		3F2ADA4617827DCB00E2675F = {
			isa = PBXGroup;
			children = (
				3F2ADA4F17827DCB00E2675F /* gmtmex */,
				3F2ADA4E17827DCB00E2675F /* Products */,
			);
			sourceTree = "<group>";
		};
		3F2ADA4E17827DCB00E2675F /* Products */ = {
			isa = PBXGroup;
			children = (
				3F8761751BE8194A00471472 /* gmtmex.mexmaci64 */,
			);
			name = Products;
			sourceTree = "<group>";
		};
		3F2ADA4F17827DCB00E2675F /* gmtmex */ = {
			isa = PBXGroup;
			children = (
				3F87616C1BE817EF00471472 /* gmtmex.c */,
				3F2ADA5A17827E2500E2675F /* gmtmex_parser.c */,
				3F2ADA5C17827E2500E2675F /* gmtmex.h */,
				3F2ADA5017827DCB00E2675F /* mex.xcconfig */,
			);
			name = gmtmex;
			path = gmt;
			sourceTree = "<group>";
		};
/* End PBXGroup section */

/* Begin PBXNativeTarget section */
		3F87616E1BE8194A00471472 /* gmtmex */ = {
			isa = PBXNativeTarget;
			buildConfigurationList = 3F8761721BE8194A00471472 /* Build configuration list for PBXNativeTarget "gmtmex" */;
			buildPhases = (
				3F87616F1BE8194A00471472 /* Sources */,
			);
			buildRules = (
			);
			dependencies = (
			);
			name = gmtmex;
			productName = gmt;
			productReference = 3F8761751BE8194A00471472 /* gmtmex.mexmaci64 */;
			productType = "com.apple.product-type.library.dynamic";
		};
/* End PBXNativeTarget section */

/* Begin PBXProject section */
		3F2ADA4717827DCB00E2675F /* Project object */ = {
			isa = PBXProject;
			attributes = {
				LastUpgradeCheck = 0900;
			};
			buildConfigurationList = 3F2ADA4A17827DCB00E2675F /* Build configuration list for PBXProject "gmtmex" */;
			compatibilityVersion = "Xcode 3.2";
			developmentRegion = English;
			hasScannedForEncodings = 0;
			knownRegions = (
				English,
				en,
			);
			mainGroup = 3F2ADA4617827DCB00E2675F;
			productRefGroup = 3F2ADA4E17827DCB00E2675F /* Products */;
			projectDirPath = "";
			projectRoot = "";
			targets = (
				3F87616E1BE8194A00471472 /* gmtmex */,
			);
		};
/* End PBXProject section */

/* Begin PBXSourcesBuildPhase section */
		3F87616F1BE8194A00471472 /* Sources */ = {
			isa = PBXSourcesBuildPhase;
			buildActionMask = 2147483647;
			files = (
				3F8761701BE8194A00471472 /* gmtmex.c in Sources */,
				3F8761711BE8194A00471472 /* gmtmex_parser.c in Sources */,
			);
			runOnlyForDeploymentPostprocessing = 0;
		};
/* End PBXSourcesBuildPhase section */

/* Begin XCBuildConfiguration section */
		3F2ADA5117827DCB00E2675F /* Debug */ = {
			isa = XCBuildConfiguration;
			baseConfigurationReference = 3F2ADA5017827DCB00E2675F /* mex.xcconfig */;
			buildSettings = {
				ENABLE_TESTABILITY = YES;
				GCC_ENABLE_OBJC_EXCEPTIONS = YES;
				GCC_OPTIMIZATION_LEVEL = 0;
				GCC_WARN_64_TO_32_BIT_CONVERSION = YES;
				"HEADER_SEARCH_PATHS[arch=*]" = (
					"$(inherited)",
					/Applications/OldXcode/Xcode.app/Contents/Developer/Toolchains/XcodeDefault.xctoolchain/usr/include,
				);
				"LIBRARY_SEARCH_PATHS[arch=*]" = "";
				MACOSX_DEPLOYMENT_TARGET = 10.8;
				MATLABROOT = "$(LOCAL_APPS_DIR)/MATLAB_R2015a.app";
				ONLY_ACTIVE_ARCH = YES;
				OTHER_CFLAGS = "";
				"OTHER_CFLAGS[arch=*]" = "-I/usr/local/include/gmt";
				OTHER_LDFLAGS = "";
				"OTHER_LDFLAGS[arch=*]" = (
					"-L/usr/local/lib",
					"-lgmt",
					"-L$(MATLABROOT)",
					"-lmex",
				);
				PRODUCT_NAME = "";
				SDKROOT = macosx;
			};
			name = Debug;
		};
		3F2ADA5217827DCB00E2675F /* Release */ = {
			isa = XCBuildConfiguration;
			baseConfigurationReference = 3F2ADA5017827DCB00E2675F /* mex.xcconfig */;
			buildSettings = {
				DEBUG_INFORMATION_FORMAT = "dwarf-with-dsym";
				GCC_ENABLE_OBJC_EXCEPTIONS = YES;
				GCC_OPTIMIZATION_LEVEL = 0;
				GCC_WARN_64_TO_32_BIT_CONVERSION = YES;
				"HEADER_SEARCH_PATHS[arch=*]" = /usr/local/include/gmt;
				MACOSX_DEPLOYMENT_TARGET = 10.8;
				MATLABROOT = "$(LOCAL_APPS_DIR)/MATLAB_R2015a.app";
				OTHER_CFLAGS = "";
				"OTHER_CFLAGS[arch=*]" = "-I/usr/local/include/gmt";
				OTHER_LDFLAGS = "";
				"OTHER_LDFLAGS[arch=*]" = (
					"-L/usr/local/lib",
					"-lgmt",
				);
				PRODUCT_NAME = "";
				SDKROOT = macosx;
			};
			name = Release;
		};
		3F8761731BE8194A00471472 /* Debug */ = {
			isa = XCBuildConfiguration;
			buildSettings = {
				CONFIGURATION_BUILD_DIR = "$(SYMROOT)";
				DYLIB_COMPATIBILITY_VERSION = "";
				DYLIB_CURRENT_VERSION = "";
				EXECUTABLE_EXTENSION = mexmaci64;
				GCC_VERSION = com.apple.compilers.llvm.clang.1_0;
				HEADER_SEARCH_PATHS = "$(MATLABROOT)/extern/include";
				LIBRARY_SEARCH_PATHS = "$(MATLABROOT)/bin/maci64";
				MACH_O_TYPE = mh_bundle;
				MATLABROOT = "$(LOCAL_APPS_DIR)/MATLAB_R2019b.app";
				New_Setting = "";
				OTHER_CFLAGS = "";
				"OTHER_CFLAGS[arch=*]" = (
					"-I/opt/gmt/include/gmt",
					"-g",
					"-DGMT_MATLAB",
				);
				OTHER_LDFLAGS = "";
				"OTHER_LDFLAGS[arch=*]" = (
					"-L$(MATLABROOT)/bin/maci64",
					"-lmx",
					"-lmex",
					"-L/opt/gmt/lib",
					"-lgmt",
				);
				PRIVATE_HEADERS_FOLDER_PATH = /opt/local/include;
				PRODUCT_NAME = gmtmex;
				PUBLIC_HEADERS_FOLDER_PATH = /opt/local/include/gmt;
				SYMROOT = "$(SRCROOT)/build/$(CONFIGURATION)";
			};
			name = Debug;
		};
		3F8761741BE8194A00471472 /* Release */ = {
			isa = XCBuildConfiguration;
			buildSettings = {
				CONFIGURATION_BUILD_DIR = "$(SYMROOT)";
				DYLIB_COMPATIBILITY_VERSION = "";
				DYLIB_CURRENT_VERSION = "";
				EXECUTABLE_EXTENSION = mexmaci64;
				GCC_VERSION = com.apple.compilers.llvm.clang.1_0;
				HEADER_SEARCH_PATHS = (
					"$(MATLABROOT)/extern/include",
					"$(MATLABROOT)/extern/include",
				);
				"HEADER_SEARCH_PATHS[arch=*]" = /opt/local/include/gmt;
				LIBRARY_SEARCH_PATHS = "$(MATLABROOT)/bin/maci64";
				MACH_O_TYPE = mh_bundle;
				MATLABROOT = "$(LOCAL_APPS_DIR)/MATLAB_R2019b.app";
				New_Setting = "";
				OTHER_CFLAGS = "";
				"OTHER_CFLAGS[arch=*]" = (
					"-I/opt/gmt/include/gmt",
					"-g",
					"-DGMT_MATLAB",
				);
				OTHER_LDFLAGS = "";
				PRIVATE_HEADERS_FOLDER_PATH = /opt/local/include;
				PRODUCT_NAME = gmtmex;
				PUBLIC_HEADERS_FOLDER_PATH = /opt/local/include/gmt;
				SYMROOT = "$(SRCROOT)/build/$(CONFIGURATION)";
			};
			name = Release;
		};
/* End XCBuildConfiguration section */

/* Begin XCConfigurationList section */
		3F2ADA4A17827DCB00E2675F /* Build configuration list for PBXProject "gmtmex" */ = {
			isa = XCConfigurationList;
			buildConfigurations = (
				3F2ADA5117827DCB00E2675F /* Debug */,
				3F2ADA5217827DCB00E2675F /* Release */,
			);
			defaultConfigurationIsVisible = 0;
			defaultConfigurationName = Release;
		};
		3F8761721BE8194A00471472 /* Build configuration list for PBXNativeTarget "gmtmex" */ = {
			isa = XCConfigurationList;
			buildConfigurations = (
				3F8761731BE8194A00471472 /* Debug */,
				3F8761741BE8194A00471472 /* Release */,
			);
			defaultConfigurationIsVisible = 0;
			defaultConfigurationName = Release;
		};
/* End XCConfigurationList section */
	};
	rootObject = 3F2ADA4717827DCB00E2675F /* Project object */;
}
