// !$*UTF8*$!
{
	archiveVersion = 1;
	classes = {
	};
	objectVersion = 46;
	objects = {

/* Begin PBXBuildFile section */
		3F2ADA5D17827E2500E2675F /* gmt.c in Sources */ = {isa = PBXBuildFile; fileRef = 3F2ADA5617827E2500E2675F /* gmt.c */; };
		3F2ADA5E17827E2500E2675F /* gmtmex_parser.c in Sources */ = {isa = PBXBuildFile; fileRef = 3F2ADA5A17827E2500E2675F /* gmtmex_parser.c */; };
/* End PBXBuildFile section */

/* Begin PBXFileReference section */
		3F2ADA4D17827DCB00E2675F /* gmt.mexmaci64 */ = {isa = PBXFileReference; explicitFileType = "compiled.mach-o.dylib"; includeInIndex = 0; path = gmt.mexmaci64; sourceTree = BUILT_PRODUCTS_DIR; };
		3F2ADA5017827DCB00E2675F /* mex.xcconfig */ = {isa = PBXFileReference; lastKnownFileType = text.xcconfig; path = mex.xcconfig; sourceTree = "<group>"; };
		3F2ADA5617827E2500E2675F /* gmt.c */ = {isa = PBXFileReference; fileEncoding = 4; lastKnownFileType = sourcecode.c.c; name = gmt.c; path = ../../gmt.c; sourceTree = "<group>"; };
		3F2ADA5817827E2500E2675F /* gmtmex_keys.h */ = {isa = PBXFileReference; fileEncoding = 4; lastKnownFileType = sourcecode.c.h; name = gmtmex_keys.h; path = ../../gmtmex_keys.h; sourceTree = "<group>"; };
		3F2ADA5917827E2500E2675F /* gmtmex_modules.h */ = {isa = PBXFileReference; fileEncoding = 4; lastKnownFileType = sourcecode.c.h; name = gmtmex_modules.h; path = ../../gmtmex_modules.h; sourceTree = "<group>"; };
		3F2ADA5A17827E2500E2675F /* gmtmex_parser.c */ = {isa = PBXFileReference; fileEncoding = 4; lastKnownFileType = sourcecode.c.c; name = gmtmex_parser.c; path = ../../gmtmex_parser.c; sourceTree = "<group>"; };
		3F2ADA5C17827E2500E2675F /* gmtmex.h */ = {isa = PBXFileReference; fileEncoding = 4; lastKnownFileType = sourcecode.c.h; name = gmtmex.h; path = ../../gmtmex.h; sourceTree = "<group>"; };
/* End PBXFileReference section */

/* Begin PBXGroup section */
		3F2ADA4617827DCB00E2675F = {
			isa = PBXGroup;
			children = (
				3F2ADA4F17827DCB00E2675F /* gmt */,
				3F2ADA4E17827DCB00E2675F /* Products */,
			);
			sourceTree = "<group>";
		};
		3F2ADA4E17827DCB00E2675F /* Products */ = {
			isa = PBXGroup;
			children = (
				3F2ADA4D17827DCB00E2675F /* gmt.mexmaci64 */,
			);
			name = Products;
			sourceTree = "<group>";
		};
		3F2ADA4F17827DCB00E2675F /* gmt */ = {
			isa = PBXGroup;
			children = (
				3F2ADA5617827E2500E2675F /* gmt.c */,
				3F2ADA5817827E2500E2675F /* gmtmex_keys.h */,
				3F2ADA5917827E2500E2675F /* gmtmex_modules.h */,
				3F2ADA5A17827E2500E2675F /* gmtmex_parser.c */,
				3F2ADA5C17827E2500E2675F /* gmtmex.h */,
				3F2ADA5017827DCB00E2675F /* mex.xcconfig */,
			);
			path = gmt;
			sourceTree = "<group>";
		};
/* End PBXGroup section */

/* Begin PBXNativeTarget section */
		3F2ADA4C17827DCB00E2675F /* gmt */ = {
			isa = PBXNativeTarget;
			buildConfigurationList = 3F2ADA5317827DCB00E2675F /* Build configuration list for PBXNativeTarget "gmt" */;
			buildPhases = (
				3F2ADA4B17827DCB00E2675F /* Sources */,
			);
			buildRules = (
			);
			dependencies = (
			);
			name = gmt;
			productName = gmt;
			productReference = 3F2ADA4D17827DCB00E2675F /* gmt.mexmaci64 */;
			productType = "com.apple.product-type.library.dynamic";
		};
/* End PBXNativeTarget section */

/* Begin PBXProject section */
		3F2ADA4717827DCB00E2675F /* Project object */ = {
			isa = PBXProject;
			attributes = {
				LastUpgradeCheck = 0460;
			};
			buildConfigurationList = 3F2ADA4A17827DCB00E2675F /* Build configuration list for PBXProject "gmt" */;
			compatibilityVersion = "Xcode 3.2";
			developmentRegion = English;
			hasScannedForEncodings = 0;
			knownRegions = (
				en,
			);
			mainGroup = 3F2ADA4617827DCB00E2675F;
			productRefGroup = 3F2ADA4E17827DCB00E2675F /* Products */;
			projectDirPath = "";
			projectRoot = "";
			targets = (
				3F2ADA4C17827DCB00E2675F /* gmt */,
			);
		};
/* End PBXProject section */

/* Begin PBXSourcesBuildPhase section */
		3F2ADA4B17827DCB00E2675F /* Sources */ = {
			isa = PBXSourcesBuildPhase;
			buildActionMask = 2147483647;
			files = (
				3F2ADA5D17827E2500E2675F /* gmt.c in Sources */,
				3F2ADA5E17827E2500E2675F /* gmtmex_parser.c in Sources */,
			);
			runOnlyForDeploymentPostprocessing = 0;
		};
/* End PBXSourcesBuildPhase section */

/* Begin XCBuildConfiguration section */
		3F2ADA5117827DCB00E2675F /* Debug */ = {
			isa = XCBuildConfiguration;
			baseConfigurationReference = 3F2ADA5017827DCB00E2675F /* mex.xcconfig */;
			buildSettings = {
				ARCHS = "$(ARCHS_STANDARD_64_BIT)";
				GCC_ENABLE_OBJC_EXCEPTIONS = YES;
				GCC_WARN_64_TO_32_BIT_CONVERSION = YES;
				"HEADER_SEARCH_PATHS[arch=*]" = /usr/local/include;
				"LIBRARY_SEARCH_PATHS[arch=*]" = "";
				MACOSX_DEPLOYMENT_TARGET = 10.8;
				ONLY_ACTIVE_ARCH = YES;
				"OTHER_CFLAGS[arch=*]" = "-I/usr/local/include";
				"OTHER_LDFLAGS[arch=*]" = (
					"-L/usr/local/lib",
					"-lgmt",
				);
				SDKROOT = macosx;
			};
			name = Debug;
		};
		3F2ADA5217827DCB00E2675F /* Release */ = {
			isa = XCBuildConfiguration;
			baseConfigurationReference = 3F2ADA5017827DCB00E2675F /* mex.xcconfig */;
			buildSettings = {
				ARCHS = "$(ARCHS_STANDARD_64_BIT)";
				DEBUG_INFORMATION_FORMAT = "dwarf-with-dsym";
				GCC_ENABLE_OBJC_EXCEPTIONS = YES;
				GCC_WARN_64_TO_32_BIT_CONVERSION = YES;
				"HEADER_SEARCH_PATHS[arch=*]" = /usr/local/include;
				MACOSX_DEPLOYMENT_TARGET = 10.8;
				"OTHER_CFLAGS[arch=*]" = "-I/usr/local/include";
				"OTHER_LDFLAGS[arch=*]" = (
					"-L/usr/local/lib",
					"-lgmt",
				);
				SDKROOT = macosx;
			};
			name = Release;
		};
		3F2ADA5417827DCB00E2675F /* Debug */ = {
			isa = XCBuildConfiguration;
			buildSettings = {
				CONFIGURATION_BUILD_DIR = "$(SYMROOT)";
				DYLIB_COMPATIBILITY_VERSION = "";
				DYLIB_CURRENT_VERSION = "";
				EXECUTABLE_EXTENSION = mexmaci64;
				HEADER_SEARCH_PATHS = "$(MATLABROOT)/extern/include";
				LIBRARY_SEARCH_PATHS = "$(MATLABROOT)/bin/maci64";
				MACH_O_TYPE = mh_bundle;
				New_Setting = "";
				"OTHER_CFLAGS[arch=*]" = (
					"-I/usr/local/include",
					"-g",
					"-DGMT_MATLAB",
				);
				OTHER_LDFLAGS = (
					"-L/usr/local/lib",
					"-lgmt",
				);
				"OTHER_LDFLAGS[arch=*]" = (
					"-lmx",
					"-lmex",
					"-lmat",
					"-L/usr/local/lib",
					"-lgmt",
				);
				PRODUCT_NAME = "$(TARGET_NAME)";
				SYMROOT = "$(SRCROOT)/build/$(CONFIGURATION)";
			};
			name = Debug;
		};
		3F2ADA5517827DCB00E2675F /* Release */ = {
			isa = XCBuildConfiguration;
			buildSettings = {
				CONFIGURATION_BUILD_DIR = "$(SYMROOT)";
				DYLIB_COMPATIBILITY_VERSION = "";
				DYLIB_CURRENT_VERSION = "";
				EXECUTABLE_EXTENSION = mexmaci64;
				HEADER_SEARCH_PATHS = "$(MATLABROOT)/extern/include";
				LIBRARY_SEARCH_PATHS = "$(MATLABROOT)/bin/maci64";
				MACH_O_TYPE = mh_bundle;
				New_Setting = "";
				"OTHER_CFLAGS[arch=*]" = (
					"-I/usr/local/include",
					"-g",
					"-DGMT_MATLAB",
				);
				OTHER_LDFLAGS = (
					"-L/usr/local/lib",
					"-lgmt",
				);
				PRODUCT_NAME = "$(TARGET_NAME)";
				SYMROOT = "$(SRCROOT)/build/$(CONFIGURATION)";
			};
			name = Release;
		};
/* End XCBuildConfiguration section */

/* Begin XCConfigurationList section */
		3F2ADA4A17827DCB00E2675F /* Build configuration list for PBXProject "gmt" */ = {
			isa = XCConfigurationList;
			buildConfigurations = (
				3F2ADA5117827DCB00E2675F /* Debug */,
				3F2ADA5217827DCB00E2675F /* Release */,
			);
			defaultConfigurationIsVisible = 0;
			defaultConfigurationName = Release;
		};
		3F2ADA5317827DCB00E2675F /* Build configuration list for PBXNativeTarget "gmt" */ = {
			isa = XCConfigurationList;
			buildConfigurations = (
				3F2ADA5417827DCB00E2675F /* Debug */,
				3F2ADA5517827DCB00E2675F /* Release */,
			);
			defaultConfigurationIsVisible = 0;
			defaultConfigurationName = Release;
		};
/* End XCConfigurationList section */
	};
	rootObject = 3F2ADA4717827DCB00E2675F /* Project object */;
}
